{
  "name": "MHTCET",
  "lockfileVersion": 3,
  "requires": true,
  "packages": {
    "": {
      "dependencies": {
        "tailwind-scrollbar": "^3.0.4"
      }
    },
    "node_modules/tailwind-scrollbar": {
      "version": "3.0.4",
      "resolved": "https://registry.npmjs.org/tailwind-scrollbar/-/tailwind-scrollbar-3.0.4.tgz",
      "integrity": "sha512-X/QBsn/C5u9x6/YvTc1Zo7b09Gqs5BfDe0UK/8LDQUv8IEBKF+p2ISTRwvAr50MH0hn/wTyCEOann7uXoa1/2Q==",
      "engines": {
        "node": ">=12.13.0"
      },
      "peerDependencies": {
        "tailwindcss": "3.x"
      }
    }
  }
}
